
Microsoft Visual Studio Solution File, Format Version 12.00
# Visual Studio Version 17
VisualStudioVersion = 17.5.33530.505
MinimumVisualStudioVersion = 10.0.40219.1
Project("{FAE04EC0-301F-11D3-BF4B-00C04F79EFBC}") = "SoftUni", "SoftUni\SoftUni.csproj", "{B7508502-B07C-4515-A3FF-52C58AEED491}"
EndProject
Global
	GlobalSection(SolutionConfigurationPlatforms) = preSolution
		Debug|Any CPU = Debug|Any CPU
		Release|Any CPU = Release|Any CPU
	EndGlobalSection
	GlobalSection(ProjectConfigurationPlatforms) = postSolution
		{B7508502-B07C-4515-A3FF-52C58AEED491}.Debug|Any CPU.ActiveCfg = Debug|Any CPU
		{B7508502-B07C-4515-A3FF-52C58AEED491}.Debug|Any CPU.Build.0 = Debug|Any CPU
		{B7508502-B07C-4515-A3FF-52C58AEED491}.Release|Any CPU.ActiveCfg = Release|Any CPU
		{B7508502-B07C-4515-A3FF-52C58AEED491}.Release|Any CPU.Build.0 = Release|Any CPU
	EndGlobalSection
	GlobalSection(SolutionProperties) = preSolution
		HideSolutionNode = FALSE
	EndGlobalSection
	GlobalSection(ExtensibilityGlobals) = postSolution
		SolutionGuid = {A3D6F9B3-4ECC-4C4F-96D4-714D77BCB779}
	EndGlobalSection
EndGlobal
